
Microsoft Visual Studio Solution File, Format Version 12.00
# Visual Studio 15
VisualStudioVersion = 15.0.28010.2046
MinimumVisualStudioVersion = 10.0.40219.1
Project("{FAE04EC0-301F-11D3-BF4B-00C04F79EFBC}") = "WebAPI", "WebAPI\WebAPI.csproj", "{B07614B8-D839-4BAE-B7CD-AE5BC548E9BA}"
EndProject
Project("{FAE04EC0-301F-11D3-BF4B-00C04F79EFBC}") = "Data", "Data\Data.csproj", "{90105E71-E236-4C11-A21A-A5D472244AF2}"
EndProject
Project("{FAE04EC0-301F-11D3-BF4B-00C04F79EFBC}") = "Repositories", "Repositories\Repositories.csproj", "{EFC02F90-D753-4F19-BDDB-13F1E36A081B}"
EndProject
Global
	GlobalSection(SolutionConfigurationPlatforms) = preSolution
		Debug|Any CPU = Debug|Any CPU
		Release|Any CPU = Release|Any CPU
	EndGlobalSection
	GlobalSection(ProjectConfigurationPlatforms) = postSolution
		{B07614B8-D839-4BAE-B7CD-AE5BC548E9BA}.Debug|Any CPU.ActiveCfg = Debug|Any CPU
		{B07614B8-D839-4BAE-B7CD-AE5BC548E9BA}.Debug|Any CPU.Build.0 = Debug|Any CPU
		{B07614B8-D839-4BAE-B7CD-AE5BC548E9BA}.Release|Any CPU.ActiveCfg = Release|Any CPU
		{B07614B8-D839-4BAE-B7CD-AE5BC548E9BA}.Release|Any CPU.Build.0 = Release|Any CPU
		{90105E71-E236-4C11-A21A-A5D472244AF2}.Debug|Any CPU.ActiveCfg = Debug|Any CPU
		{90105E71-E236-4C11-A21A-A5D472244AF2}.Debug|Any CPU.Build.0 = Debug|Any CPU
		{90105E71-E236-4C11-A21A-A5D472244AF2}.Release|Any CPU.ActiveCfg = Release|Any CPU
		{90105E71-E236-4C11-A21A-A5D472244AF2}.Release|Any CPU.Build.0 = Release|Any CPU
		{EFC02F90-D753-4F19-BDDB-13F1E36A081B}.Debug|Any CPU.ActiveCfg = Debug|Any CPU
		{EFC02F90-D753-4F19-BDDB-13F1E36A081B}.Debug|Any CPU.Build.0 = Debug|Any CPU
		{EFC02F90-D753-4F19-BDDB-13F1E36A081B}.Release|Any CPU.ActiveCfg = Release|Any CPU
		{EFC02F90-D753-4F19-BDDB-13F1E36A081B}.Release|Any CPU.Build.0 = Release|Any CPU
	EndGlobalSection
	GlobalSection(SolutionProperties) = preSolution
		HideSolutionNode = FALSE
	EndGlobalSection
	GlobalSection(ExtensibilityGlobals) = postSolution
		SolutionGuid = {891E1A53-1515-4D61-B32B-63260187BC0A}
	EndGlobalSection
EndGlobal
